// !$*UTF8*$!
{
	archiveVersion = 1;
	classes = {
	};
	objectVersion = 46;
	objects = {

/* Begin PBXBuildFile section */
		0D5E195D1E4C1CBD00559342 /* DLCount.m in Sources */ = {isa = PBXBuildFile; fileRef = 0D5E195C1E4C1CBD00559342 /* DLCount.m */; };
		0D5E195E1E4C1CBD00559342 /* DLCount.h in CopyFiles */ = {isa = PBXBuildFile; fileRef = 0D5E195B1E4C1CBD00559342 /* DLCount.h */; };
/* End PBXBuildFile section */

/* Begin PBXCopyFilesBuildPhase section */
		0D5E19561E4C1CBC00559342 /* CopyFiles */ = {
			isa = PBXCopyFilesBuildPhase;
			buildActionMask = 2147483647;
			dstPath = "include/$(PRODUCT_NAME)";
			dstSubfolderSpec = 16;
			files = (
				0D5E195E1E4C1CBD00559342 /* DLCount.h in CopyFiles */,
			);
			runOnlyForDeploymentPostprocessing = 0;
		};
/* End PBXCopyFilesBuildPhase section */

/* Begin PBXFileReference section */
		0D5E19581E4C1CBC00559342 /* libDLCount.a */ = {isa = PBXFileReference; explicitFileType = archive.ar; includeInIndex = 0; path = libDLCount.a; sourceTree = BUILT_PRODUCTS_DIR; };
		0D5E195B1E4C1CBD00559342 /* DLCount.h */ = {isa = PBXFileReference; lastKnownFileType = sourcecode.c.h; path = DLCount.h; sourceTree = "<group>"; };
		0D5E195C1E4C1CBD00559342 /* DLCount.m */ = {isa = PBXFileReference; lastKnownFileType = sourcecode.c.objc; path = DLCount.m; sourceTree = "<group>"; };
/* End PBXFileReference section */

/* Begin PBXFrameworksBuildPhase section */
		0D5E19551E4C1CBC00559342 /* Frameworks */ = {
			isa = PBXFrameworksBuildPhase;
			buildActionMask = 2147483647;
			files = (
			);
			runOnlyForDeploymentPostprocessing = 0;
		};
/* End PBXFrameworksBuildPhase section */

/* Begin PBXGroup section */
		0D5E194F1E4C1CBC00559342 = {
			isa = PBXGroup;
			children = (
				0D5E195A1E4C1CBC00559342 /* DLCount */,
				0D5E19591E4C1CBC00559342 /* Products */,
			);
			sourceTree = "<group>";
		};
		0D5E19591E4C1CBC00559342 /* Products */ = {
			isa = PBXGroup;
			children = (
				0D5E19581E4C1CBC00559342 /* libDLCount.a */,
			);
			name = Products;
			sourceTree = "<group>";
		};
		0D5E195A1E4C1CBC00559342 /* DLCount */ = {
			isa = PBXGroup;
			children = (
				0D5E195B1E4C1CBD00559342 /* DLCount.h */,
				0D5E195C1E4C1CBD00559342 /* DLCount.m */,
			);
			path = DLCount;
			sourceTree = "<group>";
		};
/* End PBXGroup section */

/* Begin PBXNativeTarget section */
		0D5E19571E4C1CBC00559342 /* DLCount */ = {
			isa = PBXNativeTarget;
			buildConfigurationList = 0D5E19611E4C1CBD00559342 /* Build configuration list for PBXNativeTarget "DLCount" */;
			buildPhases = (
				0D5E19541E4C1CBC00559342 /* Sources */,
				0D5E19551E4C1CBC00559342 /* Frameworks */,
				0D5E19561E4C1CBC00559342 /* CopyFiles */,
			);
			buildRules = (
			);
			dependencies = (
			);
			name = DLCount;
			productName = DLCount;
			productReference = 0D5E19581E4C1CBC00559342 /* libDLCount.a */;
			productType = "com.apple.product-type.library.static";
		};
/* End PBXNativeTarget section */

/* Begin PBXProject section */
		0D5E19501E4C1CBC00559342 /* Project object */ = {
			isa = PBXProject;
			attributes = {
				LastUpgradeCheck = 0810;
				ORGANIZATIONNAME = "Organization Name";
				TargetAttributes = {
					0D5E19571E4C1CBC00559342 = {
						CreatedOnToolsVersion = 8.1;
						DevelopmentTeam = 73SG3N75U2;
						ProvisioningStyle = Automatic;
					};
				};
			};
			buildConfigurationList = 0D5E19531E4C1CBC00559342 /* Build configuration list for PBXProject "DLCount" */;
			compatibilityVersion = "Xcode 3.2";
			developmentRegion = English;
			hasScannedForEncodings = 0;
			knownRegions = (
				en,
			);
			mainGroup = 0D5E194F1E4C1CBC00559342;
			productRefGroup = 0D5E19591E4C1CBC00559342 /* Products */;
			projectDirPath = "";
			projectRoot = "";
			targets = (
				0D5E19571E4C1CBC00559342 /* DLCount */,
			);
		};
/* End PBXProject section */

/* Begin PBXSourcesBuildPhase section */
		0D5E19541E4C1CBC00559342 /* Sources */ = {
			isa = PBXSourcesBuildPhase;
			buildActionMask = 2147483647;
			files = (
				0D5E195D1E4C1CBD00559342 /* DLCount.m in Sources */,
			);
			runOnlyForDeploymentPostprocessing = 0;
		};
/* End PBXSourcesBuildPhase section */

/* Begin XCBuildConfiguration section */
		0D5E195F1E4C1CBD00559342 /* Debug */ = {
			isa = XCBuildConfiguration;
			buildSettings = {
				ALWAYS_SEARCH_USER_PATHS = NO;
				CLANG_ANALYZER_NONNULL = YES;
				CLANG_CXX_LANGUAGE_STANDARD = "gnu++0x";
				CLANG_CXX_LIBRARY = "libc++";
				CLANG_ENABLE_MODULES = YES;
				CLANG_ENABLE_OBJC_ARC = YES;
				CLANG_WARN_BOOL_CONVERSION = YES;
				CLANG_WARN_CONSTANT_CONVERSION = YES;
				CLANG_WARN_DIRECT_OBJC_ISA_USAGE = YES_ERROR;
				CLANG_WARN_DOCUMENTATION_COMMENTS = YES;
				CLANG_WARN_EMPTY_BODY = YES;
				CLANG_WARN_ENUM_CONVERSION = YES;
				CLANG_WARN_INFINITE_RECURSION = YES;
				CLANG_WARN_INT_CONVERSION = YES;
				CLANG_WARN_OBJC_ROOT_CLASS = YES_ERROR;
				CLANG_WARN_SUSPICIOUS_MOVES = YES;
				CLANG_WARN_UNREACHABLE_CODE = YES;
				CLANG_WARN__DUPLICATE_METHOD_MATCH = YES;
				"CODE_SIGN_IDENTITY[sdk=iphoneos*]" = "iPhone Developer";
				COPY_PHASE_STRIP = NO;
				DEBUG_INFORMATION_FORMAT = dwarf;
				ENABLE_STRICT_OBJC_MSGSEND = YES;
				ENABLE_TESTABILITY = YES;
				GCC_C_LANGUAGE_STANDARD = gnu99;
				GCC_DYNAMIC_NO_PIC = NO;
				GCC_NO_COMMON_BLOCKS = YES;
				GCC_OPTIMIZATION_LEVEL = 0;
				GCC_PREPROCESSOR_DEFINITIONS = (
					"DEBUG=1",
					"$(inherited)",
				);
				GCC_WARN_64_TO_32_BIT_CONVERSION = YES;
				GCC_WARN_ABOUT_RETURN_TYPE = YES_ERROR;
				GCC_WARN_UNDECLARED_SELECTOR = YES;
				GCC_WARN_UNINITIALIZED_AUTOS = YES_AGGRESSIVE;
				GCC_WARN_UNUSED_FUNCTION = YES;
				GCC_WARN_UNUSED_VARIABLE = YES;
				IPHONEOS_DEPLOYMENT_TARGET = 10.1;
				MTL_ENABLE_DEBUG_INFO = YES;
				ONLY_ACTIVE_ARCH = YES;
				SDKROOT = iphoneos;
			};
			name = Debug;
		};
		0D5E19601E4C1CBD00559342 /* Release */ = {
			isa = XCBuildConfiguration;
			buildSettings = {
				ALWAYS_SEARCH_USER_PATHS = NO;
				CLANG_ANALYZER_NONNULL = YES;
				CLANG_CXX_LANGUAGE_STANDARD = "gnu++0x";
				CLANG_CXX_LIBRARY = "libc++";
				CLANG_ENABLE_MODULES = YES;
				CLANG_ENABLE_OBJC_ARC = YES;
				CLANG_WARN_BOOL_CONVERSION = YES;
				CLANG_WARN_CONSTANT_CONVERSION = YES;
				CLANG_WARN_DIRECT_OBJC_ISA_USAGE = YES_ERROR;
				CLANG_WARN_DOCUMENTATION_COMMENTS = YES;
				CLANG_WARN_EMPTY_BODY = YES;
				CLANG_WARN_ENUM_CONVERSION = YES;
				CLANG_WARN_INFINITE_RECURSION = YES;
				CLANG_WARN_INT_CONVERSION = YES;
				CLANG_WARN_OBJC_ROOT_CLASS = YES_ERROR;
				CLANG_WARN_SUSPICIOUS_MOVES = YES;
				CLANG_WARN_UNREACHABLE_CODE = YES;
				CLANG_WARN__DUPLICATE_METHOD_MATCH = YES;
				"CODE_SIGN_IDENTITY[sdk=iphoneos*]" = "iPhone Developer";
				COPY_PHASE_STRIP = NO;
				DEBUG_INFORMATION_FORMAT = "dwarf-with-dsym";
				ENABLE_NS_ASSERTIONS = NO;
				ENABLE_STRICT_OBJC_MSGSEND = YES;
				GCC_C_LANGUAGE_STANDARD = gnu99;
				GCC_NO_COMMON_BLOCKS = YES;
				GCC_WARN_64_TO_32_BIT_CONVERSION = YES;
				GCC_WARN_ABOUT_RETURN_TYPE = YES_ERROR;
				GCC_WARN_UNDECLARED_SELECTOR = YES;
				GCC_WARN_UNINITIALIZED_AUTOS = YES_AGGRESSIVE;
				GCC_WARN_UNUSED_FUNCTION = YES;
				GCC_WARN_UNUSED_VARIABLE = YES;
				IPHONEOS_DEPLOYMENT_TARGET = 10.1;
				MTL_ENABLE_DEBUG_INFO = NO;
				SDKROOT = iphoneos;
				VALIDATE_PRODUCT = YES;
			};
			name = Release;
		};
		0D5E19621E4C1CBD00559342 /* Debug */ = {
			isa = XCBuildConfiguration;
			buildSettings = {
				DEVELOPMENT_TEAM = 73SG3N75U2;
				OTHER_LDFLAGS = "-ObjC";
				PRODUCT_NAME = "$(TARGET_NAME)";
				SKIP_INSTALL = YES;
			};
			name = Debug;
		};
		0D5E19631E4C1CBD00559342 /* Release */ = {
			isa = XCBuildConfiguration;
			buildSettings = {
				DEVELOPMENT_TEAM = 73SG3N75U2;
				OTHER_LDFLAGS = "-ObjC";
				PRODUCT_NAME = "$(TARGET_NAME)";
				SKIP_INSTALL = YES;
			};
			name = Release;
		};
/* End XCBuildConfiguration section */

/* Begin XCConfigurationList section */
		0D5E19531E4C1CBC00559342 /* Build configuration list for PBXProject "DLCount" */ = {
			isa = XCConfigurationList;
			buildConfigurations = (
				0D5E195F1E4C1CBD00559342 /* Debug */,
				0D5E19601E4C1CBD00559342 /* Release */,
			);
			defaultConfigurationIsVisible = 0;
			defaultConfigurationName = Release;
		};
		0D5E19611E4C1CBD00559342 /* Build configuration list for PBXNativeTarget "DLCount" */ = {
			isa = XCConfigurationList;
			buildConfigurations = (
				0D5E19621E4C1CBD00559342 /* Debug */,
				0D5E19631E4C1CBD00559342 /* Release */,
			);
			defaultConfigurationIsVisible = 0;
		};
/* End XCConfigurationList section */
	};
	rootObject = 0D5E19501E4C1CBC00559342 /* Project object */;
}
